{
  "version": 4,
  "terraform_version": "1.15.8",
  "serial": 62,
  "lineage": "1f84e565-d476-f6f9-050d-3f3051dc8672",
  "outputs": {
    "artifact_registry_repo": {
      "value": "projects/agent-demo-09/locations/us-central1/repositories/agent-platform",
      "type": "string"
    },
    "bigquery_dataset": {
      "value": "marketing_analytics",
      "type": "string"
    },
    "cloud_run_backend_url": {
      "value": "https://agent-platform-backend-q5c3bhebga-uc.a.run.app",
      "type": "string"
    },
    "cloud_run_frontend_url": {
      "value": "https://agent-platform-frontend-q5c3bhebga-uc.a.run.app",
      "type": "string"
    },
    "cloud_run_simulator_url": {
      "value": "https://agent-platform-simulator-q5c3bhebga-uc.a.run.app",
      "type": "string"
    },
    "gemini_api_key_name": {
      "value": "gemini-agent-api-key",
      "type": "string"
    },
    "project_id": {
      "value": "agent-demo-09",
      "type": "string"
    },
    "service_account_email": {
      "value": "agent-platform-sa@agent-demo-09.iam.gserviceaccount.com",
      "type": "string"
    }
  },
  "resources": [
    {
      "mode": "managed",
      "type": "google_apikeys_key",
      "name": "gemini_key",
      "provider": "provider[\"registry.terraform.io/hashicorp/google\"]",
      "instances": [
        {
          "schema_version": 0,
          "attributes": {
            "display_name": "Gemini Agent Platform API Key",
            "id": "projects/agent-demo-09/locations/global/keys/gemini-agent-api-key",
            "key_string": "AIzaSyDq5yRTOLMFGwlhXtdI5kg-qb4euZ9F5e0",
            "name": "gemini-agent-api-key",
            "project": "agent-demo-09",
            "restrictions": [
              {
                "android_key_restrictions": [],
                "api_targets": [
                  {
                    "methods": [],
                    "service": "aiplatform.googleapis.com"
                  }
                ],
                "browser_key_restrictions": [],
                "ios_key_restrictions": [],
                "server_key_restrictions": []
              }
            ],
            "timeouts": null,
            "uid": "53db9445-cc27-4134-a9ca-3da5bb9cfa6b"
          },
          "sensitive_attributes": [
            [
              {
                "type": "get_attr",
                "value": "key_string"
              }
            ]
          ],
          "identity_schema_version": 0,
          "private": "eyJlMmJmYjczMC1lY2FhLTExZTYtOGY4OC0zNDM2M2JjN2M0YzAiOnsiY3JlYXRlIjoxMjAwMDAwMDAwMDAwLCJkZWxldGUiOjEyMDAwMDAwMDAwMDAsInVwZGF0ZSI6MTIwMDAwMDAwMDAwMH19",
          "dependencies": [
            "google_project_service.gcp_apis"
          ]
        }
      ]
    },
    {
      "mode": "managed",
      "type": "google_artifact_registry_repository",
      "name": "agent_repo",
      "provider": "provider[\"registry.terraform.io/hashicorp/google\"]",
      "instances": [
        {
          "schema_version": 0,
          "attributes": {
            "cleanup_policies": [],
            "cleanup_policy_dry_run": false,
            "create_time": "2026-08-12T08:02:39.827116Z",
            "description": "Docker container repository for Agent Platform services",
            "docker_config": [],
            "effective_labels": {},
            "format": "DOCKER",
            "id": "projects/agent-demo-09/locations/us-central1/repositories/agent-platform",
            "kms_key_name": "",
            "labels": {},
            "location": "us-central1",
            "maven_config": [],
            "mode": "STANDARD_REPOSITORY",
            "name": "agent-platform",
            "project": "agent-demo-09",
            "remote_repository_config": [],
            "repository_id": "agent-platform",
            "terraform_labels": {},
            "timeouts": null,
            "update_time": "2026-08-12T08:02:39.827116Z",
            "virtual_repository_config": []
          },
          "sensitive_attributes": [],
          "identity_schema_version": 0,
          "private": "eyJlMmJmYjczMC1lY2FhLTExZTYtOGY4OC0zNDM2M2JjN2M0YzAiOnsiY3JlYXRlIjoxMjAwMDAwMDAwMDAwLCJkZWxldGUiOjEyMDAwMDAwMDAwMDAsInVwZGF0ZSI6MTIwMDAwMDAwMDAwMH19",
          "dependencies": [
            "google_project_service.gcp_apis"
          ]
        }
      ]
    },
    {
      "mode": "managed",
      "type": "google_bigquery_dataset",
      "name": "marketing_db",
      "provider": "provider[\"registry.terraform.io/hashicorp/google\"]",
      "instances": [
        {
          "schema_version": 0,
          "attributes": {
            "access": [
              {
                "dataset": [],
                "domain": "",
                "group_by_email": "",
                "iam_member": "",
                "role": "OWNER",
                "routine": [],
                "special_group": "",
                "user_by_email": "admin@henrikw.altostrat.com",
                "view": []
              },
              {
                "dataset": [],
                "domain": "",
                "group_by_email": "",
                "iam_member": "",
                "role": "OWNER",
                "routine": [],
                "special_group": "projectOwners",
                "user_by_email": "",
                "view": []
              },
              {
                "dataset": [],
                "domain": "",
                "group_by_email": "",
                "iam_member": "",
                "role": "READER",
                "routine": [],
                "special_group": "projectReaders",
                "user_by_email": "",
                "view": []
              },
              {
                "dataset": [],
                "domain": "",
                "group_by_email": "",
                "iam_member": "",
                "role": "WRITER",
                "routine": [],
                "special_group": "projectWriters",
                "user_by_email": "",
                "view": []
              }
            ],
            "creation_time": 1786521727855,
            "dataset_id": "marketing_analytics",
            "default_collation": "",
            "default_encryption_configuration": [],
            "default_partition_expiration_ms": 0,
            "default_table_expiration_ms": 0,
            "delete_contents_on_destroy": false,
            "description": "Stores customer transactions, RFM segmentation, and campaign metrics",
            "effective_labels": {},
            "etag": "5Sr+mMsKkwxwANcu//4xWQ==",
            "external_dataset_reference": [],
            "friendly_name": "Marketing Analytics Dataset",
            "id": "projects/agent-demo-09/datasets/marketing_analytics",
            "is_case_insensitive": false,
            "labels": {},
            "last_modified_time": 1786521727855,
            "location": "us-central1",
            "max_time_travel_hours": "168",
            "project": "agent-demo-09",
            "resource_tags": {},
            "self_link": "https://bigquery.googleapis.com/bigquery/v2/projects/agent-demo-09/datasets/marketing_analytics",
            "storage_billing_model": "",
            "terraform_labels": {},
            "timeouts": null
          },
          "sensitive_attributes": [],
          "identity_schema_version": 0,
          "private": "eyJlMmJmYjczMC1lY2FhLTExZTYtOGY4OC0zNDM2M2JjN2M0YzAiOnsiY3JlYXRlIjoxMjAwMDAwMDAwMDAwLCJkZWxldGUiOjEyMDAwMDAwMDAwMDAsInVwZGF0ZSI6MTIwMDAwMDAwMDAwMH19",
          "dependencies": [
            "google_project_service.gcp_apis"
          ]
        }
      ]
    },
    {
      "mode": "managed",
      "type": "google_bigquery_table",
      "name": "customer_demographics_360",
      "provider": "provider[\"registry.terraform.io/hashicorp/google\"]",
      "instances": [
        {
          "schema_version": 0,
          "attributes": {
            "allow_resource_tags_on_deletion": false,
            "clustering": null,
            "creation_time": 1786524954592,
            "dataset_id": "marketing_analytics",
            "deletion_protection": true,
            "description": "",
            "effective_labels": {},
            "encryption_configuration": [],
            "etag": "/PL4C9mq7u72sWC584Ak1Q==",
            "expiration_time": 0,
            "external_data_configuration": [],
            "friendly_name": "",
            "id": "projects/agent-demo-09/datasets/marketing_analytics/tables/customer_demographics_360",
            "labels": {},
            "last_modified_time": 1786525330307,
            "location": "us-central1",
            "materialized_view": [],
            "max_staleness": "",
            "num_bytes": 19329,
            "num_long_term_bytes": 0,
            "num_rows": 100,
            "project": "agent-demo-09",
            "range_partitioning": [],
            "require_partition_filter": false,
            "resource_tags": {},
            "schema": "[{\"mode\":\"REQUIRED\",\"name\":\"customer_id\",\"type\":\"STRING\"},{\"mode\":\"NULLABLE\",\"name\":\"full_name\",\"type\":\"STRING\"},{\"mode\":\"NULLABLE\",\"name\":\"email\",\"type\":\"STRING\"},{\"mode\":\"NULLABLE\",\"name\":\"age\",\"type\":\"INTEGER\"},{\"mode\":\"NULLABLE\",\"name\":\"location_city\",\"type\":\"STRING\"},{\"mode\":\"NULLABLE\",\"name\":\"location_country\",\"type\":\"STRING\"},{\"mode\":\"NULLABLE\",\"name\":\"income_bracket\",\"type\":\"STRING\"},{\"mode\":\"NULLABLE\",\"name\":\"preferred_communication_channel\",\"type\":\"STRING\"},{\"mode\":\"NULLABLE\",\"name\":\"favorite_product_features\",\"type\":\"STRING\"},{\"mode\":\"NULLABLE\",\"name\":\"churn_risk_score\",\"type\":\"NUMERIC\"},{\"mode\":\"NULLABLE\",\"name\":\"lifetime_value_tier\",\"type\":\"STRING\"}]",
            "self_link": "https://bigquery.googleapis.com/bigquery/v2/projects/agent-demo-09/datasets/marketing_analytics/tables/customer_demographics_360",
            "table_constraints": [],
            "table_id": "customer_demographics_360",
            "table_replication_info": [],
            "terraform_labels": {},
            "time_partitioning": [],
            "type": "TABLE",
            "view": []
          },
          "sensitive_attributes": [],
          "identity_schema_version": 0,
          "private": "bnVsbA==",
          "dependencies": [
            "google_bigquery_dataset.marketing_db",
            "google_project_service.gcp_apis"
          ]
        }
      ]
    },
    {
      "mode": "managed",
      "type": "google_bigquery_table",
      "name": "customer_rfm_summary",
      "provider": "provider[\"registry.terraform.io/hashicorp/google\"]",
      "instances": [
        {
          "schema_version": 0,
          "attributes": {
            "allow_resource_tags_on_deletion": false,
            "clustering": null,
            "creation_time": 1786521728797,
            "dataset_id": "marketing_analytics",
            "deletion_protection": true,
            "description": "",
            "effective_labels": {},
            "encryption_configuration": [],
            "etag": "+VYuvR/AFzF8UhEX9jVANQ==",
            "expiration_time": 0,
            "external_data_configuration": [],
            "friendly_name": "",
            "id": "projects/agent-demo-09/datasets/marketing_analytics/tables/customer_rfm_summary",
            "labels": {},
            "last_modified_time": 1786525195707,
            "location": "us-central1",
            "materialized_view": [],
            "max_staleness": "",
            "num_bytes": 11972,
            "num_long_term_bytes": 0,
            "num_rows": 200,
            "project": "agent-demo-09",
            "range_partitioning": [],
            "require_partition_filter": false,
            "resource_tags": {},
            "schema": "[{\"mode\":\"REQUIRED\",\"name\":\"customer_id\",\"type\":\"STRING\"},{\"mode\":\"REQUIRED\",\"name\":\"rfm_segment\",\"type\":\"STRING\"},{\"mode\":\"NULLABLE\",\"name\":\"recency_days\",\"type\":\"INTEGER\"},{\"mode\":\"NULLABLE\",\"name\":\"frequency_orders\",\"type\":\"INTEGER\"},{\"mode\":\"NULLABLE\",\"name\":\"total_monetary\",\"type\":\"NUMERIC\"}]",
            "self_link": "https://bigquery.googleapis.com/bigquery/v2/projects/agent-demo-09/datasets/marketing_analytics/tables/customer_rfm_summary",
            "table_constraints": [],
            "table_id": "customer_rfm_summary",
            "table_replication_info": [],
            "terraform_labels": {},
            "time_partitioning": [],
            "type": "TABLE",
            "view": []
          },
          "sensitive_attributes": [],
          "identity_schema_version": 0,
          "private": "bnVsbA==",
          "dependencies": [
            "google_bigquery_dataset.marketing_db",
            "google_project_service.gcp_apis"
          ]
        }
      ]
    },
    {
      "mode": "managed",
      "type": "google_bigquery_table",
      "name": "customer_transactions",
      "provider": "provider[\"registry.terraform.io/hashicorp/google\"]",
      "instances": [
        {
          "schema_version": 0,
          "attributes": {
            "allow_resource_tags_on_deletion": false,
            "clustering": null,
            "creation_time": 1786521728697,
            "dataset_id": "marketing_analytics",
            "deletion_protection": true,
            "description": "",
            "effective_labels": {},
            "encryption_configuration": [],
            "etag": "CdbQfKJMlgTUGCmaLxgqjQ==",
            "expiration_time": 0,
            "external_data_configuration": [],
            "friendly_name": "",
            "id": "projects/agent-demo-09/datasets/marketing_analytics/tables/customer_transactions",
            "labels": {},
            "last_modified_time": 1786525198726,
            "location": "us-central1",
            "materialized_view": [],
            "max_staleness": "",
            "num_bytes": 30411,
            "num_long_term_bytes": 0,
            "num_rows": 300,
            "project": "agent-demo-09",
            "range_partitioning": [],
            "require_partition_filter": false,
            "resource_tags": {},
            "schema": "[{\"description\":\"Unique transaction ID\",\"mode\":\"REQUIRED\",\"name\":\"transaction_id\",\"type\":\"STRING\"},{\"description\":\"Customer Profile ID\",\"mode\":\"REQUIRED\",\"name\":\"customer_id\",\"type\":\"STRING\"},{\"mode\":\"NULLABLE\",\"name\":\"customer_name\",\"type\":\"STRING\"},{\"mode\":\"NULLABLE\",\"name\":\"email\",\"type\":\"STRING\"},{\"mode\":\"NULLABLE\",\"name\":\"segment\",\"type\":\"STRING\"},{\"mode\":\"NULLABLE\",\"name\":\"amount\",\"type\":\"NUMERIC\"},{\"mode\":\"NULLABLE\",\"name\":\"transaction_date\",\"type\":\"TIMESTAMP\"}]",
            "self_link": "https://bigquery.googleapis.com/bigquery/v2/projects/agent-demo-09/datasets/marketing_analytics/tables/customer_transactions",
            "table_constraints": [],
            "table_id": "customer_transactions",
            "table_replication_info": [],
            "terraform_labels": {},
            "time_partitioning": [],
            "type": "TABLE",
            "view": []
          },
          "sensitive_attributes": [],
          "identity_schema_version": 0,
          "private": "bnVsbA==",
          "dependencies": [
            "google_bigquery_dataset.marketing_db",
            "google_project_service.gcp_apis"
          ]
        }
      ]
    },
    {
      "mode": "managed",
      "type": "google_cloud_run_v2_service",
      "name": "agent_backend",
      "provider": "provider[\"registry.terraform.io/hashicorp/google\"]",
      "instances": [
        {
          "schema_version": 0,
          "attributes": {
            "annotations": {},
            "binary_authorization": [],
            "client": "",
            "client_version": "",
            "conditions": [
              {
                "execution_reason": "",
                "last_transition_time": "2026-08-12T08:14:57.535609Z",
                "message": "",
                "reason": "",
                "revision_reason": "",
                "severity": "",
                "state": "CONDITION_SUCCEEDED",
                "type": "RoutesReady"
              },
              {
                "execution_reason": "",
                "last_transition_time": "2026-08-12T08:14:56.321504Z",
                "message": "",
                "reason": "",
                "revision_reason": "",
                "severity": "",
                "state": "CONDITION_SUCCEEDED",
                "type": "ConfigurationsReady"
              }
            ],
            "create_time": "2026-08-12T08:14:53.351215Z",
            "creator": "admin@henrikw.altostrat.com",
            "custom_audiences": [],
            "delete_time": "",
            "description": "",
            "effective_annotations": {},
            "effective_labels": {},
            "etag": "\"CP3W8NMGEJi7vKcB/cHJvamVjdHMvYWdlbnQtZGVtby0wOS9sb2NhdGlvbnMvdXMtY2VudHJhbDEvc2VydmljZXMvYWdlbnQtcGxhdGZvcm0tYmFja2VuZA\"",
            "expire_time": "",
            "generation": "1",
            "id": "projects/agent-demo-09/locations/us-central1/services/agent-platform-backend",
            "ingress": "INGRESS_TRAFFIC_ALL",
            "labels": {},
            "last_modifier": "admin@henrikw.altostrat.com",
            "latest_created_revision": "projects/agent-demo-09/locations/us-central1/services/agent-platform-backend/revisions/agent-platform-backend-00001-sdd",
            "latest_ready_revision": "projects/agent-demo-09/locations/us-central1/services/agent-platform-backend/revisions/agent-platform-backend-00001-sdd",
            "launch_stage": "GA",
            "location": "us-central1",
            "name": "agent-platform-backend",
            "observed_generation": "1",
            "project": "agent-demo-09",
            "reconciling": false,
            "template": [
              {
                "annotations": {},
                "containers": [
                  {
                    "args": [],
                    "command": [],
                    "depends_on": [],
                    "env": [
                      {
                        "name": "GCP_PROJECT_ID",
                        "value": "agent-demo-09",
                        "value_source": []
                      },
                      {
                        "name": "GCP_REGION",
                        "value": "us-central1",
                        "value_source": []
                      },
                      {
                        "name": "BIGQUERY_DATASET",
                        "value": "marketing_analytics",
                        "value_source": []
                      },
                      {
                        "name": "USE_GCP_CLOUD",
                        "value": "true",
                        "value_source": []
                      },
                      {
                        "name": "MODEL_ARMOR_FLOOR_ID",
                        "value": "projects/agent-demo-09/locations/us-central1/floors/marketing-floor",
                        "value_source": []
                      }
                    ],
                    "image": "us-docker.pkg.dev/cloudrun/container/hello",
                    "liveness_probe": [],
                    "name": "",
                    "ports": [
                      {
                        "container_port": 8080,
                        "name": "http1"
                      }
                    ],
                    "resources": [
                      {
                        "cpu_idle": false,
                        "limits": {
                          "cpu": "2",
                          "memory": "2Gi"
                        },
                        "startup_cpu_boost": false
                      }
                    ],
                    "startup_probe": [
                      {
                        "failure_threshold": 1,
                        "grpc": [],
                        "http_get": [],
                        "initial_delay_seconds": 0,
                        "period_seconds": 240,
                        "tcp_socket": [
                          {
                            "port": 8080
                          }
                        ],
                        "timeout_seconds": 240
                      }
                    ],
                    "volume_mounts": [],
                    "working_dir": ""
                  }
                ],
                "encryption_key": "",
                "execution_environment": "",
                "labels": {},
                "max_instance_request_concurrency": 160,
                "revision": "",
                "scaling": [],
                "service_account": "agent-platform-sa@agent-demo-09.iam.gserviceaccount.com",
                "session_affinity": false,
                "timeout": "300s",
                "volumes": [],
                "vpc_access": []
              }
            ],
            "terminal_condition": [
              {
                "execution_reason": "",
                "last_transition_time": "2026-08-12T08:14:58.354309Z",
                "message": "",
                "reason": "",
                "revision_reason": "",
                "severity": "",
                "state": "CONDITION_SUCCEEDED",
                "type": "Ready"
              }
            ],
            "terraform_labels": {},
            "timeouts": null,
            "traffic": [
              {
                "percent": 100,
                "revision": "",
                "tag": "",
                "type": "TRAFFIC_TARGET_ALLOCATION_TYPE_LATEST"
              }
            ],
            "traffic_statuses": [
              {
                "percent": 100,
                "revision": "",
                "tag": "",
                "type": "TRAFFIC_TARGET_ALLOCATION_TYPE_LATEST",
                "uri": ""
              }
            ],
            "uid": "a0f19ab2-14a7-481d-969e-fca51853796d",
            "update_time": "2026-08-12T08:14:53.351215Z",
            "uri": "https://agent-platform-backend-q5c3bhebga-uc.a.run.app"
          },
          "sensitive_attributes": [],
          "identity_schema_version": 0,
          "private": "eyJlMmJmYjczMC1lY2FhLTExZTYtOGY4OC0zNDM2M2JjN2M0YzAiOnsiY3JlYXRlIjoxMjAwMDAwMDAwMDAwLCJkZWxldGUiOjEyMDAwMDAwMDAwMDAsInVwZGF0ZSI6MTIwMDAwMDAwMDAwMH19",
          "dependencies": [
            "google_project_service.gcp_apis",
            "google_service_account.agent_sa"
          ]
        }
      ]
    },
    {
      "mode": "managed",
      "type": "google_cloud_run_v2_service",
      "name": "agent_frontend",
      "provider": "provider[\"registry.terraform.io/hashicorp/google\"]",
      "instances": [
        {
          "schema_version": 0,
          "attributes": {
            "annotations": {},
            "binary_authorization": [],
            "client": "",
            "client_version": "",
            "conditions": [
              {
                "execution_reason": "",
                "last_transition_time": "2026-08-12T09:18:54.353225Z",
                "message": "",
                "reason": "",
                "revision_reason": "",
                "severity": "",
                "state": "CONDITION_SUCCEEDED",
                "type": "RoutesReady"
              },
              {
                "execution_reason": "",
                "last_transition_time": "2026-08-12T09:18:53.129520Z",
                "message": "",
                "reason": "",
                "revision_reason": "",
                "severity": "",
                "state": "CONDITION_SUCCEEDED",
                "type": "ConfigurationsReady"
              }
            ],
            "create_time": "2026-08-12T09:18:48.360228Z",
            "creator": "admin@henrikw.altostrat.com",
            "custom_audiences": [],
            "delete_time": "",
            "description": "",
            "effective_annotations": {},
            "effective_labels": {},
            "etag": "\"CPj08NMGEKDJ4qsB/cHJvamVjdHMvYWdlbnQtZGVtby0wOS9sb2NhdGlvbnMvdXMtY2VudHJhbDEvc2VydmljZXMvYWdlbnQtcGxhdGZvcm0tZnJvbnRlbmQ\"",
            "expire_time": "",
            "generation": "1",
            "id": "projects/agent-demo-09/locations/us-central1/services/agent-platform-frontend",
            "ingress": "INGRESS_TRAFFIC_ALL",
            "labels": {},
            "last_modifier": "admin@henrikw.altostrat.com",
            "latest_created_revision": "projects/agent-demo-09/locations/us-central1/services/agent-platform-frontend/revisions/agent-platform-frontend-00001-qww",
            "latest_ready_revision": "projects/agent-demo-09/locations/us-central1/services/agent-platform-frontend/revisions/agent-platform-frontend-00001-qww",
            "launch_stage": "GA",
            "location": "us-central1",
            "name": "agent-platform-frontend",
            "observed_generation": "1",
            "project": "agent-demo-09",
            "reconciling": false,
            "template": [
              {
                "annotations": {},
                "containers": [
                  {
                    "args": [],
                    "command": [],
                    "depends_on": [],
                    "env": [
                      {
                        "name": "GCP_PROJECT_ID",
                        "value": "agent-demo-09",
                        "value_source": []
                      }
                    ],
                    "image": "us-docker.pkg.dev/cloudrun/container/hello",
                    "liveness_probe": [],
                    "name": "",
                    "ports": [
                      {
                        "container_port": 8080,
                        "name": "http1"
                      }
                    ],
                    "resources": [
                      {
                        "cpu_idle": true,
                        "limits": {
                          "cpu": "1000m",
                          "memory": "512Mi"
                        },
                        "startup_cpu_boost": false
                      }
                    ],
                    "startup_probe": [
                      {
                        "failure_threshold": 1,
                        "grpc": [],
                        "http_get": [],
                        "initial_delay_seconds": 0,
                        "period_seconds": 240,
                        "tcp_socket": [
                          {
                            "port": 8080
                          }
                        ],
                        "timeout_seconds": 240
                      }
                    ],
                    "volume_mounts": [],
                    "working_dir": ""
                  }
                ],
                "encryption_key": "",
                "execution_environment": "",
                "labels": {},
                "max_instance_request_concurrency": 80,
                "revision": "",
                "scaling": [],
                "service_account": "agent-platform-sa@agent-demo-09.iam.gserviceaccount.com",
                "session_affinity": false,
                "timeout": "300s",
                "volumes": [],
                "vpc_access": []
              }
            ],
            "terminal_condition": [
              {
                "execution_reason": "",
                "last_transition_time": "2026-08-12T09:18:54.390741Z",
                "message": "",
                "reason": "",
                "revision_reason": "",
                "severity": "",
                "state": "CONDITION_SUCCEEDED",
                "type": "Ready"
              }
            ],
            "terraform_labels": {},
            "timeouts": null,
            "traffic": [
              {
                "percent": 100,
                "revision": "",
                "tag": "",
                "type": "TRAFFIC_TARGET_ALLOCATION_TYPE_LATEST"
              }
            ],
            "traffic_statuses": [
              {
                "percent": 100,
                "revision": "",
                "tag": "",
                "type": "TRAFFIC_TARGET_ALLOCATION_TYPE_LATEST",
                "uri": ""
              }
            ],
            "uid": "f1bddbe3-5727-4c91-bb75-06927f8a3dcb",
            "update_time": "2026-08-12T09:18:48.360228Z",
            "uri": "https://agent-platform-frontend-q5c3bhebga-uc.a.run.app"
          },
          "sensitive_attributes": [],
          "identity_schema_version": 0,
          "private": "eyJlMmJmYjczMC1lY2FhLTExZTYtOGY4OC0zNDM2M2JjN2M0YzAiOnsiY3JlYXRlIjoxMjAwMDAwMDAwMDAwLCJkZWxldGUiOjEyMDAwMDAwMDAwMDAsInVwZGF0ZSI6MTIwMDAwMDAwMDAwMH19",
          "dependencies": [
            "google_project_service.gcp_apis",
            "google_service_account.agent_sa"
          ]
        }
      ]
    },
    {
      "mode": "managed",
      "type": "google_cloud_run_v2_service",
      "name": "agent_simulator",
      "provider": "provider[\"registry.terraform.io/hashicorp/google\"]",
      "instances": [
        {
          "schema_version": 0,
          "attributes": {
            "annotations": {},
            "binary_authorization": [],
            "client": "",
            "client_version": "",
            "conditions": [
              {
                "execution_reason": "",
                "last_transition_time": "2026-08-12T09:18:53.581069Z",
                "message": "",
                "reason": "",
                "revision_reason": "",
                "severity": "",
                "state": "CONDITION_SUCCEEDED",
                "type": "RoutesReady"
              },
              {
                "execution_reason": "",
                "last_transition_time": "2026-08-12T09:18:52.219869Z",
                "message": "",
                "reason": "",
                "revision_reason": "",
                "severity": "",
                "state": "CONDITION_SUCCEEDED",
                "type": "ConfigurationsReady"
              }
            ],
            "create_time": "2026-08-12T09:18:48.363688Z",
            "creator": "admin@henrikw.altostrat.com",
            "custom_audiences": [],
            "delete_time": "",
            "description": "",
            "effective_annotations": {},
            "effective_labels": {},
            "etag": "\"CPj08NMGEMDgta0B/cHJvamVjdHMvYWdlbnQtZGVtby0wOS9sb2NhdGlvbnMvdXMtY2VudHJhbDEvc2VydmljZXMvYWdlbnQtcGxhdGZvcm0tc2ltdWxhdG9y\"",
            "expire_time": "",
            "generation": "1",
            "id": "projects/agent-demo-09/locations/us-central1/services/agent-platform-simulator",
            "ingress": "INGRESS_TRAFFIC_ALL",
            "labels": {},
            "last_modifier": "admin@henrikw.altostrat.com",
            "latest_created_revision": "projects/agent-demo-09/locations/us-central1/services/agent-platform-simulator/revisions/agent-platform-simulator-00001-cqr",
            "latest_ready_revision": "projects/agent-demo-09/locations/us-central1/services/agent-platform-simulator/revisions/agent-platform-simulator-00001-cqr",
            "launch_stage": "GA",
            "location": "us-central1",
            "name": "agent-platform-simulator",
            "observed_generation": "1",
            "project": "agent-demo-09",
            "reconciling": false,
            "template": [
              {
                "annotations": {},
                "containers": [
                  {
                    "args": [],
                    "command": [],
                    "depends_on": [],
                    "env": [
                      {
                        "name": "GCP_PROJECT_ID",
                        "value": "agent-demo-09",
                        "value_source": []
                      }
                    ],
                    "image": "us-docker.pkg.dev/cloudrun/container/hello",
                    "liveness_probe": [],
                    "name": "",
                    "ports": [
                      {
                        "container_port": 8080,
                        "name": "http1"
                      }
                    ],
                    "resources": [
                      {
                        "cpu_idle": true,
                        "limits": {
                          "cpu": "1000m",
                          "memory": "512Mi"
                        },
                        "startup_cpu_boost": false
                      }
                    ],
                    "startup_probe": [
                      {
                        "failure_threshold": 1,
                        "grpc": [],
                        "http_get": [],
                        "initial_delay_seconds": 0,
                        "period_seconds": 240,
                        "tcp_socket": [
                          {
                            "port": 8080
                          }
                        ],
                        "timeout_seconds": 240
                      }
                    ],
                    "volume_mounts": [],
                    "working_dir": ""
                  }
                ],
                "encryption_key": "",
                "execution_environment": "",
                "labels": {},
                "max_instance_request_concurrency": 80,
                "revision": "",
                "scaling": [],
                "service_account": "agent-platform-sa@agent-demo-09.iam.gserviceaccount.com",
                "session_affinity": false,
                "timeout": "300s",
                "volumes": [],
                "vpc_access": []
              }
            ],
            "terminal_condition": [
              {
                "execution_reason": "",
                "last_transition_time": "2026-08-12T09:18:53.620665Z",
                "message": "",
                "reason": "",
                "revision_reason": "",
                "severity": "",
                "state": "CONDITION_SUCCEEDED",
                "type": "Ready"
              }
            ],
            "terraform_labels": {},
            "timeouts": null,
            "traffic": [
              {
                "percent": 100,
                "revision": "",
                "tag": "",
                "type": "TRAFFIC_TARGET_ALLOCATION_TYPE_LATEST"
              }
            ],
            "traffic_statuses": [
              {
                "percent": 100,
                "revision": "",
                "tag": "",
                "type": "TRAFFIC_TARGET_ALLOCATION_TYPE_LATEST",
                "uri": ""
              }
            ],
            "uid": "42815edd-58d3-4553-bfa7-1c3f0375fac7",
            "update_time": "2026-08-12T09:18:48.363688Z",
            "uri": "https://agent-platform-simulator-q5c3bhebga-uc.a.run.app"
          },
          "sensitive_attributes": [],
          "identity_schema_version": 0,
          "private": "eyJlMmJmYjczMC1lY2FhLTExZTYtOGY4OC0zNDM2M2JjN2M0YzAiOnsiY3JlYXRlIjoxMjAwMDAwMDAwMDAwLCJkZWxldGUiOjEyMDAwMDAwMDAwMDAsInVwZGF0ZSI6MTIwMDAwMDAwMDAwMH19",
          "dependencies": [
            "google_project_service.gcp_apis",
            "google_service_account.agent_sa"
          ]
        }
      ]
    },
    {
      "mode": "managed",
      "type": "google_cloud_run_v2_service_iam_member",
      "name": "backend_public",
      "provider": "provider[\"registry.terraform.io/hashicorp/google\"]",
      "instances": [
        {
          "index_key": 0,
          "schema_version": 0,
          "attributes": {
            "condition": [],
            "etag": "BwZY1inJJPc=",
            "id": "projects/agent-demo-09/locations/us-central1/services/agent-platform-backend/roles/run.invoker/allUsers",
            "location": "us-central1",
            "member": "allUsers",
            "name": "projects/agent-demo-09/locations/us-central1/services/agent-platform-backend",
            "project": "agent-demo-09",
            "role": "roles/run.invoker"
          },
          "sensitive_attributes": [],
          "identity_schema_version": 0,
          "private": "bnVsbA==",
          "dependencies": [
            "google_cloud_run_v2_service.agent_backend",
            "google_project_service.gcp_apis",
            "google_service_account.agent_sa"
          ]
        }
      ]
    },
    {
      "mode": "managed",
      "type": "google_cloud_run_v2_service_iam_member",
      "name": "frontend_public",
      "provider": "provider[\"registry.terraform.io/hashicorp/google\"]",
      "instances": [
        {
          "index_key": 0,
          "schema_version": 0,
          "attributes": {
            "condition": [],
            "etag": "BwZY1inKiO0=",
            "id": "projects/agent-demo-09/locations/us-central1/services/agent-platform-frontend/roles/run.invoker/allUsers",
            "location": "us-central1",
            "member": "allUsers",
            "name": "projects/agent-demo-09/locations/us-central1/services/agent-platform-frontend",
            "project": "agent-demo-09",
            "role": "roles/run.invoker"
          },
          "sensitive_attributes": [],
          "identity_schema_version": 0,
          "private": "bnVsbA==",
          "dependencies": [
            "google_cloud_run_v2_service.agent_frontend",
            "google_project_service.gcp_apis",
            "google_service_account.agent_sa"
          ]
        }
      ]
    },
    {
      "mode": "managed",
      "type": "google_cloud_run_v2_service_iam_member",
      "name": "simulator_public",
      "provider": "provider[\"registry.terraform.io/hashicorp/google\"]",
      "instances": [
        {
          "index_key": 0,
          "schema_version": 0,
          "attributes": {
            "condition": [],
            "etag": "BwZY1inKi/U=",
            "id": "projects/agent-demo-09/locations/us-central1/services/agent-platform-simulator/roles/run.invoker/allUsers",
            "location": "us-central1",
            "member": "allUsers",
            "name": "projects/agent-demo-09/locations/us-central1/services/agent-platform-simulator",
            "project": "agent-demo-09",
            "role": "roles/run.invoker"
          },
          "sensitive_attributes": [],
          "identity_schema_version": 0,
          "private": "bnVsbA==",
          "dependencies": [
            "google_cloud_run_v2_service.agent_simulator",
            "google_project_service.gcp_apis",
            "google_service_account.agent_sa"
          ]
        }
      ]
    },
    {
      "mode": "managed",
      "type": "google_project_iam_member",
      "name": "sa_roles",
      "provider": "provider[\"registry.terraform.io/hashicorp/google\"]",
      "instances": [
        {
          "index_key": "roles/aiplatform.user",
          "schema_version": 0,
          "attributes": {
            "condition": [],
            "etag": "BwZY1hVpWQI=",
            "id": "agent-demo-09/roles/aiplatform.user/serviceAccount:agent-platform-sa@agent-demo-09.iam.gserviceaccount.com",
            "member": "serviceAccount:agent-platform-sa@agent-demo-09.iam.gserviceaccount.com",
            "project": "agent-demo-09",
            "role": "roles/aiplatform.user"
          },
          "sensitive_attributes": [],
          "identity_schema_version": 0,
          "private": "bnVsbA==",
          "dependencies": [
            "google_project_service.gcp_apis",
            "google_service_account.agent_sa"
          ]
        },
        {
          "index_key": "roles/bigquery.dataViewer",
          "schema_version": 0,
          "attributes": {
            "condition": [],
            "etag": "BwZY1hVpWQI=",
            "id": "agent-demo-09/roles/bigquery.dataViewer/serviceAccount:agent-platform-sa@agent-demo-09.iam.gserviceaccount.com",
            "member": "serviceAccount:agent-platform-sa@agent-demo-09.iam.gserviceaccount.com",
            "project": "agent-demo-09",
            "role": "roles/bigquery.dataViewer"
          },
          "sensitive_attributes": [],
          "identity_schema_version": 0,
          "private": "bnVsbA==",
          "dependencies": [
            "google_project_service.gcp_apis",
            "google_service_account.agent_sa"
          ]
        },
        {
          "index_key": "roles/bigquery.jobUser",
          "schema_version": 0,
          "attributes": {
            "condition": [],
            "etag": "BwZY1hVpWQI=",
            "id": "agent-demo-09/roles/bigquery.jobUser/serviceAccount:agent-platform-sa@agent-demo-09.iam.gserviceaccount.com",
            "member": "serviceAccount:agent-platform-sa@agent-demo-09.iam.gserviceaccount.com",
            "project": "agent-demo-09",
            "role": "roles/bigquery.jobUser"
          },
          "sensitive_attributes": [],
          "identity_schema_version": 0,
          "private": "bnVsbA==",
          "dependencies": [
            "google_project_service.gcp_apis",
            "google_service_account.agent_sa"
          ]
        },
        {
          "index_key": "roles/cloudtrace.agent",
          "schema_version": 0,
          "attributes": {
            "condition": [],
            "etag": "BwZY1hVpWQI=",
            "id": "agent-demo-09/roles/cloudtrace.agent/serviceAccount:agent-platform-sa@agent-demo-09.iam.gserviceaccount.com",
            "member": "serviceAccount:agent-platform-sa@agent-demo-09.iam.gserviceaccount.com",
            "project": "agent-demo-09",
            "role": "roles/cloudtrace.agent"
          },
          "sensitive_attributes": [],
          "identity_schema_version": 0,
          "private": "bnVsbA==",
          "dependencies": [
            "google_project_service.gcp_apis",
            "google_service_account.agent_sa"
          ]
        },
        {
          "index_key": "roles/logging.logWriter",
          "schema_version": 0,
          "attributes": {
            "condition": [],
            "etag": "BwZY1hVpWQI=",
            "id": "agent-demo-09/roles/logging.logWriter/serviceAccount:agent-platform-sa@agent-demo-09.iam.gserviceaccount.com",
            "member": "serviceAccount:agent-platform-sa@agent-demo-09.iam.gserviceaccount.com",
            "project": "agent-demo-09",
            "role": "roles/logging.logWriter"
          },
          "sensitive_attributes": [],
          "identity_schema_version": 0,
          "private": "bnVsbA==",
          "dependencies": [
            "google_project_service.gcp_apis",
            "google_service_account.agent_sa"
          ]
        }
      ]
    },
    {
      "mode": "managed",
      "type": "google_project_service",
      "name": "gcp_apis",
      "provider": "provider[\"registry.terraform.io/hashicorp/google\"]",
      "instances": [
        {
          "index_key": "aiplatform.googleapis.com",
          "schema_version": 0,
          "attributes": {
            "disable_dependent_services": null,
            "disable_on_destroy": false,
            "id": "agent-demo-09/aiplatform.googleapis.com",
            "project": "agent-demo-09",
            "service": "aiplatform.googleapis.com",
            "timeouts": null
          },
          "sensitive_attributes": [],
          "identity_schema_version": 0,
          "private": "eyJlMmJmYjczMC1lY2FhLTExZTYtOGY4OC0zNDM2M2JjN2M0YzAiOnsiY3JlYXRlIjoxMjAwMDAwMDAwMDAwLCJkZWxldGUiOjEyMDAwMDAwMDAwMDAsInJlYWQiOjYwMDAwMDAwMDAwMCwidXBkYXRlIjoxMjAwMDAwMDAwMDAwfX0="
        },
        {
          "index_key": "apigateway.googleapis.com",
          "schema_version": 0,
          "attributes": {
            "disable_dependent_services": null,
            "disable_on_destroy": false,
            "id": "agent-demo-09/apigateway.googleapis.com",
            "project": "agent-demo-09",
            "service": "apigateway.googleapis.com",
            "timeouts": null
          },
          "sensitive_attributes": [],
          "identity_schema_version": 0,
          "private": "eyJlMmJmYjczMC1lY2FhLTExZTYtOGY4OC0zNDM2M2JjN2M0YzAiOnsiY3JlYXRlIjoxMjAwMDAwMDAwMDAwLCJkZWxldGUiOjEyMDAwMDAwMDAwMDAsInJlYWQiOjYwMDAwMDAwMDAwMCwidXBkYXRlIjoxMjAwMDAwMDAwMDAwfX0="
        },
        {
          "index_key": "apikeys.googleapis.com",
          "schema_version": 0,
          "attributes": {
            "disable_dependent_services": null,
            "disable_on_destroy": false,
            "id": "agent-demo-09/apikeys.googleapis.com",
            "project": "agent-demo-09",
            "service": "apikeys.googleapis.com",
            "timeouts": null
          },
          "sensitive_attributes": [],
          "identity_schema_version": 0,
          "private": "eyJlMmJmYjczMC1lY2FhLTExZTYtOGY4OC0zNDM2M2JjN2M0YzAiOnsiY3JlYXRlIjoxMjAwMDAwMDAwMDAwLCJkZWxldGUiOjEyMDAwMDAwMDAwMDAsInJlYWQiOjYwMDAwMDAwMDAwMCwidXBkYXRlIjoxMjAwMDAwMDAwMDAwfX0="
        },
        {
          "index_key": "artifactregistry.googleapis.com",
          "schema_version": 0,
          "attributes": {
            "disable_dependent_services": null,
            "disable_on_destroy": false,
            "id": "agent-demo-09/artifactregistry.googleapis.com",
            "project": "agent-demo-09",
            "service": "artifactregistry.googleapis.com",
            "timeouts": null
          },
          "sensitive_attributes": [],
          "identity_schema_version": 0,
          "private": "eyJlMmJmYjczMC1lY2FhLTExZTYtOGY4OC0zNDM2M2JjN2M0YzAiOnsiY3JlYXRlIjoxMjAwMDAwMDAwMDAwLCJkZWxldGUiOjEyMDAwMDAwMDAwMDAsInJlYWQiOjYwMDAwMDAwMDAwMCwidXBkYXRlIjoxMjAwMDAwMDAwMDAwfX0="
        },
        {
          "index_key": "bigquery.googleapis.com",
          "schema_version": 0,
          "attributes": {
            "disable_dependent_services": null,
            "disable_on_destroy": false,
            "id": "agent-demo-09/bigquery.googleapis.com",
            "project": "agent-demo-09",
            "service": "bigquery.googleapis.com",
            "timeouts": null
          },
          "sensitive_attributes": [],
          "identity_schema_version": 0,
          "private": "eyJlMmJmYjczMC1lY2FhLTExZTYtOGY4OC0zNDM2M2JjN2M0YzAiOnsiY3JlYXRlIjoxMjAwMDAwMDAwMDAwLCJkZWxldGUiOjEyMDAwMDAwMDAwMDAsInJlYWQiOjYwMDAwMDAwMDAwMCwidXBkYXRlIjoxMjAwMDAwMDAwMDAwfX0="
        },
        {
          "index_key": "cloudbuild.googleapis.com",
          "schema_version": 0,
          "attributes": {
            "disable_dependent_services": null,
            "disable_on_destroy": false,
            "id": "agent-demo-09/cloudbuild.googleapis.com",
            "project": "agent-demo-09",
            "service": "cloudbuild.googleapis.com",
            "timeouts": null
          },
          "sensitive_attributes": [],
          "identity_schema_version": 0,
          "private": "eyJlMmJmYjczMC1lY2FhLTExZTYtOGY4OC0zNDM2M2JjN2M0YzAiOnsiY3JlYXRlIjoxMjAwMDAwMDAwMDAwLCJkZWxldGUiOjEyMDAwMDAwMDAwMDAsInJlYWQiOjYwMDAwMDAwMDAwMCwidXBkYXRlIjoxMjAwMDAwMDAwMDAwfX0="
        },
        {
          "index_key": "cloudresourcemanager.googleapis.com",
          "schema_version": 0,
          "attributes": {
            "disable_dependent_services": null,
            "disable_on_destroy": false,
            "id": "agent-demo-09/cloudresourcemanager.googleapis.com",
            "project": "agent-demo-09",
            "service": "cloudresourcemanager.googleapis.com",
            "timeouts": null
          },
          "sensitive_attributes": [],
          "identity_schema_version": 0,
          "private": "eyJlMmJmYjczMC1lY2FhLTExZTYtOGY4OC0zNDM2M2JjN2M0YzAiOnsiY3JlYXRlIjoxMjAwMDAwMDAwMDAwLCJkZWxldGUiOjEyMDAwMDAwMDAwMDAsInJlYWQiOjYwMDAwMDAwMDAwMCwidXBkYXRlIjoxMjAwMDAwMDAwMDAwfX0="
        },
        {
          "index_key": "cloudtrace.googleapis.com",
          "schema_version": 0,
          "attributes": {
            "disable_dependent_services": null,
            "disable_on_destroy": false,
            "id": "agent-demo-09/cloudtrace.googleapis.com",
            "project": "agent-demo-09",
            "service": "cloudtrace.googleapis.com",
            "timeouts": null
          },
          "sensitive_attributes": [],
          "identity_schema_version": 0,
          "private": "eyJlMmJmYjczMC1lY2FhLTExZTYtOGY4OC0zNDM2M2JjN2M0YzAiOnsiY3JlYXRlIjoxMjAwMDAwMDAwMDAwLCJkZWxldGUiOjEyMDAwMDAwMDAwMDAsInJlYWQiOjYwMDAwMDAwMDAwMCwidXBkYXRlIjoxMjAwMDAwMDAwMDAwfX0="
        },
        {
          "index_key": "logging.googleapis.com",
          "schema_version": 0,
          "attributes": {
            "disable_dependent_services": null,
            "disable_on_destroy": false,
            "id": "agent-demo-09/logging.googleapis.com",
            "project": "agent-demo-09",
            "service": "logging.googleapis.com",
            "timeouts": null
          },
          "sensitive_attributes": [],
          "identity_schema_version": 0,
          "private": "eyJlMmJmYjczMC1lY2FhLTExZTYtOGY4OC0zNDM2M2JjN2M0YzAiOnsiY3JlYXRlIjoxMjAwMDAwMDAwMDAwLCJkZWxldGUiOjEyMDAwMDAwMDAwMDAsInJlYWQiOjYwMDAwMDAwMDAwMCwidXBkYXRlIjoxMjAwMDAwMDAwMDAwfX0="
        },
        {
          "index_key": "run.googleapis.com",
          "schema_version": 0,
          "attributes": {
            "disable_dependent_services": null,
            "disable_on_destroy": false,
            "id": "agent-demo-09/run.googleapis.com",
            "project": "agent-demo-09",
            "service": "run.googleapis.com",
            "timeouts": null
          },
          "sensitive_attributes": [],
          "identity_schema_version": 0,
          "private": "eyJlMmJmYjczMC1lY2FhLTExZTYtOGY4OC0zNDM2M2JjN2M0YzAiOnsiY3JlYXRlIjoxMjAwMDAwMDAwMDAwLCJkZWxldGUiOjEyMDAwMDAwMDAwMDAsInJlYWQiOjYwMDAwMDAwMDAwMCwidXBkYXRlIjoxMjAwMDAwMDAwMDAwfX0="
        }
      ]
    },
    {
      "mode": "managed",
      "type": "google_service_account",
      "name": "agent_sa",
      "provider": "provider[\"registry.terraform.io/hashicorp/google\"]",
      "instances": [
        {
          "schema_version": 0,
          "attributes": {
            "account_id": "agent-platform-sa",
            "create_ignore_already_exists": null,
            "description": "",
            "disabled": false,
            "display_name": "Agent Platform Service Account",
            "email": "agent-platform-sa@agent-demo-09.iam.gserviceaccount.com",
            "id": "projects/agent-demo-09/serviceAccounts/agent-platform-sa@agent-demo-09.iam.gserviceaccount.com",
            "member": "serviceAccount:agent-platform-sa@agent-demo-09.iam.gserviceaccount.com",
            "name": "projects/agent-demo-09/serviceAccounts/agent-platform-sa@agent-demo-09.iam.gserviceaccount.com",
            "project": "agent-demo-09",
            "timeouts": null,
            "unique_id": "107710440453601054613"
          },
          "sensitive_attributes": [],
          "identity_schema_version": 0,
          "private": "eyJlMmJmYjczMC1lY2FhLTExZTYtOGY4OC0zNDM2M2JjN2M0YzAiOnsiY3JlYXRlIjozMDAwMDAwMDAwMDB9fQ==",
          "dependencies": [
            "google_project_service.gcp_apis"
          ]
        }
      ]
    }
  ],
  "check_results": null
}
